
Microsoft Visual Studio Solution File, Format Version 12.00
# Visual Studio Version 17
VisualStudioVersion = 17.6.33829.357
MinimumVisualStudioVersion = 10.0.40219.1
Project("{9A19103F-16F7-4668-BE54-9A1E7A4F7556}") = "ModelLayer", "ModelLayer\ModelLayer.csproj", "{07C626D1-C245-4206-99EB-96BEB0B29C57}"
EndProject
Project("{9A19103F-16F7-4668-BE54-9A1E7A4F7556}") = "Repository", "Repository\Repository.csproj", "{330ED5AA-6E35-40DC-A016-6FC05C258A3D}"
EndProject
Project("{9A19103F-16F7-4668-BE54-9A1E7A4F7556}") = "Service", "Service\Service.csproj", "{489704A7-AF49-4099-AC68-08B030A20C62}"
EndProject
Project("{9A19103F-16F7-4668-BE54-9A1E7A4F7556}") = "Mock", "Mock\Mock.csproj", "{0275C6AC-F82B-483B-A532-F35C15D28D62}"
EndProject
Project("{9A19103F-16F7-4668-BE54-9A1E7A4F7556}") = "Common", "Common\Common.csproj", "{416C0DEE-8AD3-46B5-BA7F-85AEDFDC4028}"
EndProject
Global
	GlobalSection(SolutionConfigurationPlatforms) = preSolution
		Debug|Any CPU = Debug|Any CPU
		Release|Any CPU = Release|Any CPU
	EndGlobalSection
	GlobalSection(ProjectConfigurationPlatforms) = postSolution
		{07C626D1-C245-4206-99EB-96BEB0B29C57}.Debug|Any CPU.ActiveCfg = Debug|Any CPU
		{07C626D1-C245-4206-99EB-96BEB0B29C57}.Debug|Any CPU.Build.0 = Debug|Any CPU
		{07C626D1-C245-4206-99EB-96BEB0B29C57}.Release|Any CPU.ActiveCfg = Release|Any CPU
		{07C626D1-C245-4206-99EB-96BEB0B29C57}.Release|Any CPU.Build.0 = Release|Any CPU
		{330ED5AA-6E35-40DC-A016-6FC05C258A3D}.Debug|Any CPU.ActiveCfg = Debug|Any CPU
		{330ED5AA-6E35-40DC-A016-6FC05C258A3D}.Debug|Any CPU.Build.0 = Debug|Any CPU
		{330ED5AA-6E35-40DC-A016-6FC05C258A3D}.Release|Any CPU.ActiveCfg = Release|Any CPU
		{330ED5AA-6E35-40DC-A016-6FC05C258A3D}.Release|Any CPU.Build.0 = Release|Any CPU
		{489704A7-AF49-4099-AC68-08B030A20C62}.Debug|Any CPU.ActiveCfg = Debug|Any CPU
		{489704A7-AF49-4099-AC68-08B030A20C62}.Debug|Any CPU.Build.0 = Debug|Any CPU
		{489704A7-AF49-4099-AC68-08B030A20C62}.Release|Any CPU.ActiveCfg = Release|Any CPU
		{489704A7-AF49-4099-AC68-08B030A20C62}.Release|Any CPU.Build.0 = Release|Any CPU
		{0275C6AC-F82B-483B-A532-F35C15D28D62}.Debug|Any CPU.ActiveCfg = Debug|Any CPU
		{0275C6AC-F82B-483B-A532-F35C15D28D62}.Debug|Any CPU.Build.0 = Debug|Any CPU
		{0275C6AC-F82B-483B-A532-F35C15D28D62}.Release|Any CPU.ActiveCfg = Release|Any CPU
		{0275C6AC-F82B-483B-A532-F35C15D28D62}.Release|Any CPU.Build.0 = Release|Any CPU
		{416C0DEE-8AD3-46B5-BA7F-85AEDFDC4028}.Debug|Any CPU.ActiveCfg = Debug|Any CPU
		{416C0DEE-8AD3-46B5-BA7F-85AEDFDC4028}.Debug|Any CPU.Build.0 = Debug|Any CPU
		{416C0DEE-8AD3-46B5-BA7F-85AEDFDC4028}.Release|Any CPU.ActiveCfg = Release|Any CPU
		{416C0DEE-8AD3-46B5-BA7F-85AEDFDC4028}.Release|Any CPU.Build.0 = Release|Any CPU
	EndGlobalSection
	GlobalSection(SolutionProperties) = preSolution
		HideSolutionNode = FALSE
	EndGlobalSection
	GlobalSection(ExtensibilityGlobals) = postSolution
		SolutionGuid = {10C5A7C9-4AC5-4E08-861D-BF31FC5CAF78}
	EndGlobalSection
EndGlobal
